
Microsoft Visual Studio Solution File, Format Version 12.00
# Visual Studio Version 17
VisualStudioVersion = 17.11.35327.3
MinimumVisualStudioVersion = 10.0.40219.1
Project("{2150E333-8FDC-42A3-9474-1A3956D46DE8}") = "Solution Items", "Solution Items", "{5FD3F1D7-577A-4059-A60B-B682C05ABE08}"
	ProjectSection(SolutionItems) = preProject
		.editorconfig = .editorconfig
		config.yaml = config.yaml
		README.md = README.md
	EndProjectSection
EndProject
Project("{FAE04EC0-301F-11D3-BF4B-00C04F79EFBC}") = "Mekatrol.Automatum.NodeServer", "Mekatrol.Automatum.NodeServer\Mekatrol.Automatum.NodeServer.csproj", "{9E7A5299-7A00-4BB5-AF2A-CB1D5B47381A}"
EndProject
Project("{FAE04EC0-301F-11D3-BF4B-00C04F79EFBC}") = "Mekatrol.Automatum.Services", "Mekatrol.Automatum.Services\Mekatrol.Automatum.Services.csproj", "{D7C16529-4D42-4DBA-8BFF-3D8C2DC7F82E}"
EndProject
Project("{FAE04EC0-301F-11D3-BF4B-00C04F79EFBC}") = "Mekatrol.Automatum.Models", "Mekatrol.Automatum.Models\Mekatrol.Automatum.Models.csproj", "{6AE1086B-2D14-49F6-B6F6-DD1B1FF761DA}"
EndProject
Project("{FAE04EC0-301F-11D3-BF4B-00C04F79EFBC}") = "Mekatrol.Automatum.Tests.Integration", "Mekatrol.Automatum.Tests.Integration\Mekatrol.Automatum.Tests.Integration.csproj", "{37BE6BE1-35F2-47C5-A4C8-597B80F6D801}"
EndProject
Project("{FAE04EC0-301F-11D3-BF4B-00C04F79EFBC}") = "Mekatrol.Automatum.Tests.Unit", "Mekatrol.Automatum.Tests.Unit\Mekatrol.Automatum.Tests.Unit.csproj", "{312478BB-AB74-4AF4-980E-B9F5988E1D93}"
EndProject
Project("{FAE04EC0-301F-11D3-BF4B-00C04F79EFBC}") = "Mekatrol.Automatum.Data", "Mekatrol.Automatum.Data\Mekatrol.Automatum.Data.csproj", "{DD3391C7-B55D-43C5-8D41-2AD2CAA0F2ED}"
EndProject
Project("{FAE04EC0-301F-11D3-BF4B-00C04F79EFBC}") = "Mekatrol.Automatum.Middleware", "Mekatrol.Automatum.Middleware\Mekatrol.Automatum.Middleware.csproj", "{0885FA12-B243-4B70-BD62-413FCDD67FEF}"
EndProject
Project("{FAE04EC0-301F-11D3-BF4B-00C04F79EFBC}") = "Mekatrol.Automatum.Common", "Mekatrol.Automatum.Common\Mekatrol.Automatum.Common.csproj", "{81DEC678-5C33-43AB-B8AA-0AC6C318B1D0}"
EndProject
Project("{FAE04EC0-301F-11D3-BF4B-00C04F79EFBC}") = "Mekatrol.Automatum.Devices", "Mekatrol.Automatum.Devices\Mekatrol.Automatum.Devices.csproj", "{0A34EE8B-82F5-4D0F-9F0B-49FB92DF5169}"
EndProject
Project("{FAE04EC0-301F-11D3-BF4B-00C04F79EFBC}") = "Mekatrol.Automatum.KnownDevices", "Mekatrol.Automatum.KnownDevices\Mekatrol.Automatum.KnownDevices.csproj", "{06A764D2-205B-4A08-BCDE-CF15BE7DB097}"
EndProject
Global
	GlobalSection(SolutionConfigurationPlatforms) = preSolution
		Debug|Any CPU = Debug|Any CPU
		Release|Any CPU = Release|Any CPU
	EndGlobalSection
	GlobalSection(ProjectConfigurationPlatforms) = postSolution
		{9E7A5299-7A00-4BB5-AF2A-CB1D5B47381A}.Debug|Any CPU.ActiveCfg = Debug|Any CPU
		{9E7A5299-7A00-4BB5-AF2A-CB1D5B47381A}.Debug|Any CPU.Build.0 = Debug|Any CPU
		{9E7A5299-7A00-4BB5-AF2A-CB1D5B47381A}.Release|Any CPU.ActiveCfg = Release|Any CPU
		{9E7A5299-7A00-4BB5-AF2A-CB1D5B47381A}.Release|Any CPU.Build.0 = Release|Any CPU
		{D7C16529-4D42-4DBA-8BFF-3D8C2DC7F82E}.Debug|Any CPU.ActiveCfg = Debug|Any CPU
		{D7C16529-4D42-4DBA-8BFF-3D8C2DC7F82E}.Debug|Any CPU.Build.0 = Debug|Any CPU
		{D7C16529-4D42-4DBA-8BFF-3D8C2DC7F82E}.Release|Any CPU.ActiveCfg = Release|Any CPU
		{D7C16529-4D42-4DBA-8BFF-3D8C2DC7F82E}.Release|Any CPU.Build.0 = Release|Any CPU
		{6AE1086B-2D14-49F6-B6F6-DD1B1FF761DA}.Debug|Any CPU.ActiveCfg = Debug|Any CPU
		{6AE1086B-2D14-49F6-B6F6-DD1B1FF761DA}.Debug|Any CPU.Build.0 = Debug|Any CPU
		{6AE1086B-2D14-49F6-B6F6-DD1B1FF761DA}.Release|Any CPU.ActiveCfg = Release|Any CPU
		{6AE1086B-2D14-49F6-B6F6-DD1B1FF761DA}.Release|Any CPU.Build.0 = Release|Any CPU
		{37BE6BE1-35F2-47C5-A4C8-597B80F6D801}.Debug|Any CPU.ActiveCfg = Debug|Any CPU
		{37BE6BE1-35F2-47C5-A4C8-597B80F6D801}.Debug|Any CPU.Build.0 = Debug|Any CPU
		{37BE6BE1-35F2-47C5-A4C8-597B80F6D801}.Release|Any CPU.ActiveCfg = Release|Any CPU
		{37BE6BE1-35F2-47C5-A4C8-597B80F6D801}.Release|Any CPU.Build.0 = Release|Any CPU
		{312478BB-AB74-4AF4-980E-B9F5988E1D93}.Debug|Any CPU.ActiveCfg = Debug|Any CPU
		{312478BB-AB74-4AF4-980E-B9F5988E1D93}.Debug|Any CPU.Build.0 = Debug|Any CPU
		{312478BB-AB74-4AF4-980E-B9F5988E1D93}.Release|Any CPU.ActiveCfg = Release|Any CPU
		{312478BB-AB74-4AF4-980E-B9F5988E1D93}.Release|Any CPU.Build.0 = Release|Any CPU
		{DD3391C7-B55D-43C5-8D41-2AD2CAA0F2ED}.Debug|Any CPU.ActiveCfg = Debug|Any CPU
		{DD3391C7-B55D-43C5-8D41-2AD2CAA0F2ED}.Debug|Any CPU.Build.0 = Debug|Any CPU
		{DD3391C7-B55D-43C5-8D41-2AD2CAA0F2ED}.Release|Any CPU.ActiveCfg = Release|Any CPU
		{DD3391C7-B55D-43C5-8D41-2AD2CAA0F2ED}.Release|Any CPU.Build.0 = Release|Any CPU
		{0885FA12-B243-4B70-BD62-413FCDD67FEF}.Debug|Any CPU.ActiveCfg = Debug|Any CPU
		{0885FA12-B243-4B70-BD62-413FCDD67FEF}.Debug|Any CPU.Build.0 = Debug|Any CPU
		{0885FA12-B243-4B70-BD62-413FCDD67FEF}.Release|Any CPU.ActiveCfg = Release|Any CPU
		{0885FA12-B243-4B70-BD62-413FCDD67FEF}.Release|Any CPU.Build.0 = Release|Any CPU
		{81DEC678-5C33-43AB-B8AA-0AC6C318B1D0}.Debug|Any CPU.ActiveCfg = Debug|Any CPU
		{81DEC678-5C33-43AB-B8AA-0AC6C318B1D0}.Debug|Any CPU.Build.0 = Debug|Any CPU
		{81DEC678-5C33-43AB-B8AA-0AC6C318B1D0}.Release|Any CPU.ActiveCfg = Release|Any CPU
		{81DEC678-5C33-43AB-B8AA-0AC6C318B1D0}.Release|Any CPU.Build.0 = Release|Any CPU
		{0A34EE8B-82F5-4D0F-9F0B-49FB92DF5169}.Debug|Any CPU.ActiveCfg = Debug|Any CPU
		{0A34EE8B-82F5-4D0F-9F0B-49FB92DF5169}.Debug|Any CPU.Build.0 = Debug|Any CPU
		{0A34EE8B-82F5-4D0F-9F0B-49FB92DF5169}.Release|Any CPU.ActiveCfg = Release|Any CPU
		{0A34EE8B-82F5-4D0F-9F0B-49FB92DF5169}.Release|Any CPU.Build.0 = Release|Any CPU
		{06A764D2-205B-4A08-BCDE-CF15BE7DB097}.Debug|Any CPU.ActiveCfg = Debug|Any CPU
		{06A764D2-205B-4A08-BCDE-CF15BE7DB097}.Debug|Any CPU.Build.0 = Debug|Any CPU
		{06A764D2-205B-4A08-BCDE-CF15BE7DB097}.Release|Any CPU.ActiveCfg = Release|Any CPU
		{06A764D2-205B-4A08-BCDE-CF15BE7DB097}.Release|Any CPU.Build.0 = Release|Any CPU
	EndGlobalSection
	GlobalSection(SolutionProperties) = preSolution
		HideSolutionNode = FALSE
	EndGlobalSection
	GlobalSection(ExtensibilityGlobals) = postSolution
		SolutionGuid = {15880214-5F5C-4FBE-A286-42A43D54F18E}
	EndGlobalSection
EndGlobal
