
Microsoft Visual Studio Solution File, Format Version 12.00
# Visual Studio Version 17
VisualStudioVersion = 17.9.34723.18
MinimumVisualStudioVersion = 10.0.40219.1
Project("{FAE04EC0-301F-11D3-BF4B-00C04F79EFBC}") = "Home.Automation.NodeServer", "Home.Automation.NodeServer\Home.Automation.NodeServer.csproj", "{547CBC99-0254-4D60-AA3E-DE8AF497C439}"
EndProject
Project("{FAE04EC0-301F-11D3-BF4B-00C04F79EFBC}") = "Home.Automation.Services", "Home.Automation.Services\Home.Automation.Services.csproj", "{54171089-B81B-46AD-8F5F-AA3551E2FFD5}"
EndProject
Global
	GlobalSection(SolutionConfigurationPlatforms) = preSolution
		Debug|Any CPU = Debug|Any CPU
		Release|Any CPU = Release|Any CPU
	EndGlobalSection
	GlobalSection(ProjectConfigurationPlatforms) = postSolution
		{547CBC99-0254-4D60-AA3E-DE8AF497C439}.Debug|Any CPU.ActiveCfg = Debug|Any CPU
		{547CBC99-0254-4D60-AA3E-DE8AF497C439}.Debug|Any CPU.Build.0 = Debug|Any CPU
		{547CBC99-0254-4D60-AA3E-DE8AF497C439}.Release|Any CPU.ActiveCfg = Release|Any CPU
		{547CBC99-0254-4D60-AA3E-DE8AF497C439}.Release|Any CPU.Build.0 = Release|Any CPU
		{54171089-B81B-46AD-8F5F-AA3551E2FFD5}.Debug|Any CPU.ActiveCfg = Debug|Any CPU
		{54171089-B81B-46AD-8F5F-AA3551E2FFD5}.Debug|Any CPU.Build.0 = Debug|Any CPU
		{54171089-B81B-46AD-8F5F-AA3551E2FFD5}.Release|Any CPU.ActiveCfg = Release|Any CPU
		{54171089-B81B-46AD-8F5F-AA3551E2FFD5}.Release|Any CPU.Build.0 = Release|Any CPU
	EndGlobalSection
	GlobalSection(SolutionProperties) = preSolution
		HideSolutionNode = FALSE
	EndGlobalSection
	GlobalSection(ExtensibilityGlobals) = postSolution
		SolutionGuid = {7B077084-E847-4753-ABF9-0A98F4DF048A}
	EndGlobalSection
EndGlobal
